
Microsoft Visual Studio Solution File, Format Version 12.00
# Visual Studio Version 16
VisualStudioVersion = 16.0.31613.86
MinimumVisualStudioVersion = 10.0.40219.1
Project("{FAE04EC0-301F-11D3-BF4B-00C04F79EFBC}") = "EXAMEN U6", "EXAMEN U6.csproj", "{CF7E2C5F-32B3-4BD6-BDE4-66699CC8A359}"
EndProject
Global
	GlobalSection(SolutionConfigurationPlatforms) = preSolution
		Debug|Any CPU = Debug|Any CPU
		Release|Any CPU = Release|Any CPU
	EndGlobalSection
	GlobalSection(ProjectConfigurationPlatforms) = postSolution
		{CF7E2C5F-32B3-4BD6-BDE4-66699CC8A359}.Debug|Any CPU.ActiveCfg = Debug|Any CPU
		{CF7E2C5F-32B3-4BD6-BDE4-66699CC8A359}.Debug|Any CPU.Build.0 = Debug|Any CPU
		{CF7E2C5F-32B3-4BD6-BDE4-66699CC8A359}.Release|Any CPU.ActiveCfg = Release|Any CPU
		{CF7E2C5F-32B3-4BD6-BDE4-66699CC8A359}.Release|Any CPU.Build.0 = Release|Any CPU
	EndGlobalSection
	GlobalSection(SolutionProperties) = preSolution
		HideSolutionNode = FALSE
	EndGlobalSection
	GlobalSection(ExtensibilityGlobals) = postSolution
		SolutionGuid = {8DE4C90E-219C-4CFB-83F5-A87FBDB5249A}
	EndGlobalSection
EndGlobal
